
Microsoft Visual Studio Solution File, Format Version 12.00
# Visual Studio Version 17
VisualStudioVersion = 17.8.34525.116
MinimumVisualStudioVersion = 10.0.40219.1
Project("{FAE04EC0-301F-11D3-BF4B-00C04F79EFBC}") = "TestTask", "TestTask\TestTask.csproj", "{F39C2378-93E3-4A6B-A1E7-9D76B8028BA6}"
EndProject
Global
	GlobalSection(SolutionConfigurationPlatforms) = preSolution
		Debug|Any CPU = Debug|Any CPU
		Release|Any CPU = Release|Any CPU
	EndGlobalSection
	GlobalSection(ProjectConfigurationPlatforms) = postSolution
		{F39C2378-93E3-4A6B-A1E7-9D76B8028BA6}.Debug|Any CPU.ActiveCfg = Debug|Any CPU
		{F39C2378-93E3-4A6B-A1E7-9D76B8028BA6}.Debug|Any CPU.Build.0 = Debug|Any CPU
		{F39C2378-93E3-4A6B-A1E7-9D76B8028BA6}.Release|Any CPU.ActiveCfg = Release|Any CPU
		{F39C2378-93E3-4A6B-A1E7-9D76B8028BA6}.Release|Any CPU.Build.0 = Release|Any CPU
	EndGlobalSection
	GlobalSection(SolutionProperties) = preSolution
		HideSolutionNode = FALSE
	EndGlobalSection
	GlobalSection(ExtensibilityGlobals) = postSolution
		SolutionGuid = {6EFC2668-7257-49A6-A6E5-1F779D0D5BE8}
	EndGlobalSection
EndGlobal
